// !$*UTF8*$!
{
	archiveVersion = 1;
	classes = {
	};
	objectVersion = 55;
	objects = {

/* Begin PBXBuildFile section */
		60D501F6C434EE7A8C9C9273 /* Pods_UIKitSNS.framework in Frameworks */ = {isa = PBXBuildFile; fileRef = E541FE5FA21DEF948DED12E8 /* Pods_UIKitSNS.framework */; };
		7320004B29D7469C001D6018 /* FirebaseAuth in Frameworks */ = {isa = PBXBuildFile; productRef = 7320004A29D7469C001D6018 /* FirebaseAuth */; };
		7320004D29D7469C001D6018 /* FirebaseDatabase in Frameworks */ = {isa = PBXBuildFile; productRef = 7320004C29D7469C001D6018 /* FirebaseDatabase */; };
		7320004F29D7469C001D6018 /* FirebaseFirestore in Frameworks */ = {isa = PBXBuildFile; productRef = 7320004E29D7469C001D6018 /* FirebaseFirestore */; };
		7320005129D7469C001D6018 /* FirebaseMessaging in Frameworks */ = {isa = PBXBuildFile; productRef = 7320005029D7469C001D6018 /* FirebaseMessaging */; };
		7320005329D7469C001D6018 /* FirebaseStorage in Frameworks */ = {isa = PBXBuildFile; productRef = 7320005229D7469C001D6018 /* FirebaseStorage */; };
		733CA2E52940EF4C00603992 /* AppDelegate.swift in Sources */ = {isa = PBXBuildFile; fileRef = 733CA2E42940EF4C00603992 /* AppDelegate.swift */; };
		733CA2E72940EF4C00603992 /* SceneDelegate.swift in Sources */ = {isa = PBXBuildFile; fileRef = 733CA2E62940EF4C00603992 /* SceneDelegate.swift */; };
		733CA2E92940EF4C00603992 /* ViewController.swift in Sources */ = {isa = PBXBuildFile; fileRef = 733CA2E82940EF4C00603992 /* ViewController.swift */; };
		733CA2EC2940EF4C00603992 /* Main.storyboard in Resources */ = {isa = PBXBuildFile; fileRef = 733CA2EA2940EF4C00603992 /* Main.storyboard */; };
		733CA2EE2940EF5200603992 /* Assets.xcassets in Resources */ = {isa = PBXBuildFile; fileRef = 733CA2ED2940EF5200603992 /* Assets.xcassets */; };
		733CA2F12940EF5200603992 /* LaunchScreen.storyboard in Resources */ = {isa = PBXBuildFile; fileRef = 733CA2EF2940EF5200603992 /* LaunchScreen.storyboard */; };
		733CA2FF2940F17B00603992 /* MainTabController.swift in Sources */ = {isa = PBXBuildFile; fileRef = 733CA2FE2940F17B00603992 /* MainTabController.swift */; };
		733CA3012940F39200603992 /* FeedController.swift in Sources */ = {isa = PBXBuildFile; fileRef = 733CA3002940F39200603992 /* FeedController.swift */; };
		733CA3032940F3A100603992 /* SearchController.swift in Sources */ = {isa = PBXBuildFile; fileRef = 733CA3022940F3A100603992 /* SearchController.swift */; };
		733CA3052940F3C600603992 /* ImageSelectorController.swift in Sources */ = {isa = PBXBuildFile; fileRef = 733CA3042940F3C600603992 /* ImageSelectorController.swift */; };
		733CA3072940F3E200603992 /* NotificationController.swift in Sources */ = {isa = PBXBuildFile; fileRef = 733CA3062940F3E200603992 /* NotificationController.swift */; };
		733CA3092940F3FD00603992 /* ProfileController.swift in Sources */ = {isa = PBXBuildFile; fileRef = 733CA3082940F3FD00603992 /* ProfileController.swift */; };
		73A7D66729D351B70004F705 /* FeedCell.swift in Sources */ = {isa = PBXBuildFile; fileRef = 73A7D66629D351B70004F705 /* FeedCell.swift */; };
		73A7D66929D3531C0004F705 /* UIView.swift in Sources */ = {isa = PBXBuildFile; fileRef = 73A7D66829D3531C0004F705 /* UIView.swift */; };
		73C1F13029D49F8000C65C34 /* LoginController.swift in Sources */ = {isa = PBXBuildFile; fileRef = 73C1F12F29D49F8000C65C34 /* LoginController.swift */; };
		73C1F13229D49F9700C65C34 /* RegistrationController.swift in Sources */ = {isa = PBXBuildFile; fileRef = 73C1F13129D49F9700C65C34 /* RegistrationController.swift */; };
		73C1F13429D57A8A00C65C34 /* CustomTextField.swift in Sources */ = {isa = PBXBuildFile; fileRef = 73C1F13329D57A8A00C65C34 /* CustomTextField.swift */; };
		73C1F13729D57DAD00C65C34 /* UIButton.swift in Sources */ = {isa = PBXBuildFile; fileRef = 73C1F13629D57DAD00C65C34 /* UIButton.swift */; };
		73C1F13929D581F100C65C34 /* UIViewController.swift in Sources */ = {isa = PBXBuildFile; fileRef = 73C1F13829D581F100C65C34 /* UIViewController.swift */; };
		73C1F13B29D58EE200C65C34 /* AuthenticationViewModel.swift in Sources */ = {isa = PBXBuildFile; fileRef = 73C1F13A29D58EE200C65C34 /* AuthenticationViewModel.swift */; };
		73C1F13D29D727CE00C65C34 /* GoogleService-Info.plist in Resources */ = {isa = PBXBuildFile; fileRef = 73C1F13C29D727CE00C65C34 /* GoogleService-Info.plist */; };
		73D1D83529D88472009E653F /* ImageUploader.swift in Sources */ = {isa = PBXBuildFile; fileRef = 73D1D83429D88472009E653F /* ImageUploader.swift */; };
		73D1D83729D8850F009E653F /* AuthService.swift in Sources */ = {isa = PBXBuildFile; fileRef = 73D1D83629D8850F009E653F /* AuthService.swift */; };
/* End PBXBuildFile section */

/* Begin PBXFileReference section */
		733CA2E12940EF4C00603992 /* UIKitSNS.app */ = {isa = PBXFileReference; explicitFileType = wrapper.application; includeInIndex = 0; path = UIKitSNS.app; sourceTree = BUILT_PRODUCTS_DIR; };
		733CA2E42940EF4C00603992 /* AppDelegate.swift */ = {isa = PBXFileReference; lastKnownFileType = sourcecode.swift; path = AppDelegate.swift; sourceTree = "<group>"; };
		733CA2E62940EF4C00603992 /* SceneDelegate.swift */ = {isa = PBXFileReference; lastKnownFileType = sourcecode.swift; path = SceneDelegate.swift; sourceTree = "<group>"; };
		733CA2E82940EF4C00603992 /* ViewController.swift */ = {isa = PBXFileReference; lastKnownFileType = sourcecode.swift; path = ViewController.swift; sourceTree = "<group>"; };
		733CA2EB2940EF4C00603992 /* Base */ = {isa = PBXFileReference; lastKnownFileType = file.storyboard; name = Base; path = Base.lproj/Main.storyboard; sourceTree = "<group>"; };
		733CA2ED2940EF5200603992 /* Assets.xcassets */ = {isa = PBXFileReference; lastKnownFileType = folder.assetcatalog; path = Assets.xcassets; sourceTree = "<group>"; };
		733CA2F02940EF5200603992 /* Base */ = {isa = PBXFileReference; lastKnownFileType = file.storyboard; name = Base; path = Base.lproj/LaunchScreen.storyboard; sourceTree = "<group>"; };
		733CA2F22940EF5200603992 /* Info.plist */ = {isa = PBXFileReference; lastKnownFileType = text.plist.xml; path = Info.plist; sourceTree = "<group>"; };
		733CA2FE2940F17B00603992 /* MainTabController.swift */ = {isa = PBXFileReference; lastKnownFileType = sourcecode.swift; path = MainTabController.swift; sourceTree = "<group>"; };
		733CA3002940F39200603992 /* FeedController.swift */ = {isa = PBXFileReference; lastKnownFileType = sourcecode.swift; path = FeedController.swift; sourceTree = "<group>"; };
		733CA3022940F3A100603992 /* SearchController.swift */ = {isa = PBXFileReference; lastKnownFileType = sourcecode.swift; path = SearchController.swift; sourceTree = "<group>"; };
		733CA3042940F3C600603992 /* ImageSelectorController.swift */ = {isa = PBXFileReference; lastKnownFileType = sourcecode.swift; path = ImageSelectorController.swift; sourceTree = "<group>"; };
		733CA3062940F3E200603992 /* NotificationController.swift */ = {isa = PBXFileReference; lastKnownFileType = sourcecode.swift; path = NotificationController.swift; sourceTree = "<group>"; };
		733CA3082940F3FD00603992 /* ProfileController.swift */ = {isa = PBXFileReference; lastKnownFileType = sourcecode.swift; path = ProfileController.swift; sourceTree = "<group>"; };
		73A7D66629D351B70004F705 /* FeedCell.swift */ = {isa = PBXFileReference; lastKnownFileType = sourcecode.swift; path = FeedCell.swift; sourceTree = "<group>"; };
		73A7D66829D3531C0004F705 /* UIView.swift */ = {isa = PBXFileReference; lastKnownFileType = sourcecode.swift; name = UIView.swift; path = UIKitSNS/Extensions/UIView.swift; sourceTree = SOURCE_ROOT; };
		73C1F12F29D49F8000C65C34 /* LoginController.swift */ = {isa = PBXFileReference; lastKnownFileType = sourcecode.swift; path = LoginController.swift; sourceTree = "<group>"; };
		73C1F13129D49F9700C65C34 /* RegistrationController.swift */ = {isa = PBXFileReference; lastKnownFileType = sourcecode.swift; path = RegistrationController.swift; sourceTree = "<group>"; };
		73C1F13329D57A8A00C65C34 /* CustomTextField.swift */ = {isa = PBXFileReference; lastKnownFileType = sourcecode.swift; path = CustomTextField.swift; sourceTree = "<group>"; };
		73C1F13629D57DAD00C65C34 /* UIButton.swift */ = {isa = PBXFileReference; lastKnownFileType = sourcecode.swift; path = UIButton.swift; sourceTree = "<group>"; };
		73C1F13829D581F100C65C34 /* UIViewController.swift */ = {isa = PBXFileReference; lastKnownFileType = sourcecode.swift; path = UIViewController.swift; sourceTree = "<group>"; };
		73C1F13A29D58EE200C65C34 /* AuthenticationViewModel.swift */ = {isa = PBXFileReference; lastKnownFileType = sourcecode.swift; name = AuthenticationViewModel.swift; path = UIKitSNS/Extensions/AuthenticationViewModel.swift; sourceTree = SOURCE_ROOT; };
		73C1F13C29D727CE00C65C34 /* GoogleService-Info.plist */ = {isa = PBXFileReference; lastKnownFileType = text.plist; path = "GoogleService-Info.plist"; sourceTree = SOURCE_ROOT; };
		73D1D83429D88472009E653F /* ImageUploader.swift */ = {isa = PBXFileReference; lastKnownFileType = sourcecode.swift; name = ImageUploader.swift; path = UIKitSNS/Extensions/ImageUploader.swift; sourceTree = SOURCE_ROOT; };
		73D1D83629D8850F009E653F /* AuthService.swift */ = {isa = PBXFileReference; lastKnownFileType = sourcecode.swift; name = AuthService.swift; path = UIKitSNS/Extensions/AuthService.swift; sourceTree = SOURCE_ROOT; };
		B80D5BB12E94812FE9815C59 /* Pods-UIKitSNS.release.xcconfig */ = {isa = PBXFileReference; includeInIndex = 1; lastKnownFileType = text.xcconfig; name = "Pods-UIKitSNS.release.xcconfig"; path = "Target Support Files/Pods-UIKitSNS/Pods-UIKitSNS.release.xcconfig"; sourceTree = "<group>"; };
		C7B2D78C58B333F015CFACB3 /* Pods-UIKitSNS.debug.xcconfig */ = {isa = PBXFileReference; includeInIndex = 1; lastKnownFileType = text.xcconfig; name = "Pods-UIKitSNS.debug.xcconfig"; path = "Target Support Files/Pods-UIKitSNS/Pods-UIKitSNS.debug.xcconfig"; sourceTree = "<group>"; };
		E541FE5FA21DEF948DED12E8 /* Pods_UIKitSNS.framework */ = {isa = PBXFileReference; explicitFileType = wrapper.framework; includeInIndex = 0; path = Pods_UIKitSNS.framework; sourceTree = BUILT_PRODUCTS_DIR; };
/* End PBXFileReference section */

/* Begin PBXFrameworksBuildPhase section */
		733CA2DE2940EF4C00603992 /* Frameworks */ = {
			isa = PBXFrameworksBuildPhase;
			buildActionMask = 2147483647;
			files = (
				7320004D29D7469C001D6018 /* FirebaseDatabase in Frameworks */,
				7320004F29D7469C001D6018 /* FirebaseFirestore in Frameworks */,
				7320005129D7469C001D6018 /* FirebaseMessaging in Frameworks */,
				60D501F6C434EE7A8C9C9273 /* Pods_UIKitSNS.framework in Frameworks */,
				7320004B29D7469C001D6018 /* FirebaseAuth in Frameworks */,
				7320005329D7469C001D6018 /* FirebaseStorage in Frameworks */,
			);
			runOnlyForDeploymentPostprocessing = 0;
		};
/* End PBXFrameworksBuildPhase section */

/* Begin PBXGroup section */
		621799F54BBBAEFA9203EAF5 /* Pods */ = {
			isa = PBXGroup;
			children = (
				C7B2D78C58B333F015CFACB3 /* Pods-UIKitSNS.debug.xcconfig */,
				B80D5BB12E94812FE9815C59 /* Pods-UIKitSNS.release.xcconfig */,
			);
			path = Pods;
			sourceTree = "<group>";
		};
		733CA2D82940EF4C00603992 = {
			isa = PBXGroup;
			children = (
				733CA2E32940EF4C00603992 /* UIKitSNS */,
				733CA2E22940EF4C00603992 /* Products */,
				621799F54BBBAEFA9203EAF5 /* Pods */,
				76E1B0A744C50E8C8DD334F4 /* Frameworks */,
			);
			sourceTree = "<group>";
		};
		733CA2E22940EF4C00603992 /* Products */ = {
			isa = PBXGroup;
			children = (
				733CA2E12940EF4C00603992 /* UIKitSNS.app */,
			);
			name = Products;
			sourceTree = "<group>";
		};
		733CA2E32940EF4C00603992 /* UIKitSNS */ = {
			isa = PBXGroup;
			children = (
				733CA2FD2940EFF700603992 /* Model */,
				733CA2FC2940EFF500603992 /* View */,
				733CA2FB2940EFF200603992 /* ViewModel */,
				733CA2FA2940EFF100603992 /* Controller */,
				733CA2F92940EFEF00603992 /* API */,
				733CA2F82940EFDE00603992 /* Utils */,
				73C1F13529D57D7C00C65C34 /* Extensions */,
				733CA2E42940EF4C00603992 /* AppDelegate.swift */,
				733CA2E62940EF4C00603992 /* SceneDelegate.swift */,
				733CA2E82940EF4C00603992 /* ViewController.swift */,
				733CA2EA2940EF4C00603992 /* Main.storyboard */,
				733CA2ED2940EF5200603992 /* Assets.xcassets */,
				733CA2EF2940EF5200603992 /* LaunchScreen.storyboard */,
				73C1F13C29D727CE00C65C34 /* GoogleService-Info.plist */,
				733CA2F22940EF5200603992 /* Info.plist */,
			);
			path = UIKitSNS;
			sourceTree = "<group>";
		};
		733CA2F82940EFDE00603992 /* Utils */ = {
			isa = PBXGroup;
			children = (
			);
			path = Utils;
			sourceTree = "<group>";
		};
		733CA2F92940EFEF00603992 /* API */ = {
			isa = PBXGroup;
			children = (
				73D1D83429D88472009E653F /* ImageUploader.swift */,
				73D1D83629D8850F009E653F /* AuthService.swift */,
			);
			path = API;
			sourceTree = "<group>";
		};
		733CA2FA2940EFF100603992 /* Controller */ = {
			isa = PBXGroup;
			children = (
				73C1F12E29D49F4C00C65C34 /* Authentication */,
				733CA2FE2940F17B00603992 /* MainTabController.swift */,
				733CA3002940F39200603992 /* FeedController.swift */,
				733CA3022940F3A100603992 /* SearchController.swift */,
				733CA3042940F3C600603992 /* ImageSelectorController.swift */,
				733CA3062940F3E200603992 /* NotificationController.swift */,
				733CA3082940F3FD00603992 /* ProfileController.swift */,
			);
			path = Controller;
			sourceTree = "<group>";
		};
		733CA2FB2940EFF200603992 /* ViewModel */ = {
			isa = PBXGroup;
			children = (
				73C1F13A29D58EE200C65C34 /* AuthenticationViewModel.swift */,
			);
			path = ViewModel;
			sourceTree = "<group>";
		};
		733CA2FC2940EFF500603992 /* View */ = {
			isa = PBXGroup;
			children = (
				73A7D66629D351B70004F705 /* FeedCell.swift */,
				73C1F13329D57A8A00C65C34 /* CustomTextField.swift */,
			);
			path = View;
			sourceTree = "<group>";
		};
		733CA2FD2940EFF700603992 /* Model */ = {
			isa = PBXGroup;
			children = (
			);
			path = Model;
			sourceTree = "<group>";
		};
		73C1F12E29D49F4C00C65C34 /* Authentication */ = {
			isa = PBXGroup;
			children = (
				73C1F12F29D49F8000C65C34 /* LoginController.swift */,
				73C1F13129D49F9700C65C34 /* RegistrationController.swift */,
			);
			path = Authentication;
			sourceTree = "<group>";
		};
		73C1F13529D57D7C00C65C34 /* Extensions */ = {
			isa = PBXGroup;
			children = (
				73A7D66829D3531C0004F705 /* UIView.swift */,
				73C1F13629D57DAD00C65C34 /* UIButton.swift */,
				73C1F13829D581F100C65C34 /* UIViewController.swift */,
			);
			path = Extensions;
			sourceTree = "<group>";
		};
		76E1B0A744C50E8C8DD334F4 /* Frameworks */ = {
			isa = PBXGroup;
			children = (
				E541FE5FA21DEF948DED12E8 /* Pods_UIKitSNS.framework */,
			);
			name = Frameworks;
			sourceTree = "<group>";
		};
/* End PBXGroup section */

/* Begin PBXNativeTarget section */
		733CA2E02940EF4C00603992 /* UIKitSNS */ = {
			isa = PBXNativeTarget;
			buildConfigurationList = 733CA2F52940EF5200603992 /* Build configuration list for PBXNativeTarget "UIKitSNS" */;
			buildPhases = (
				0565B538F00B4E9E8109B2CB /* [CP] Check Pods Manifest.lock */,
				733CA2DD2940EF4C00603992 /* Sources */,
				733CA2DE2940EF4C00603992 /* Frameworks */,
				733CA2DF2940EF4C00603992 /* Resources */,
			);
			buildRules = (
			);
			dependencies = (
			);
			name = UIKitSNS;
			packageProductDependencies = (
				7320004A29D7469C001D6018 /* FirebaseAuth */,
				7320004C29D7469C001D6018 /* FirebaseDatabase */,
				7320004E29D7469C001D6018 /* FirebaseFirestore */,
				7320005029D7469C001D6018 /* FirebaseMessaging */,
				7320005229D7469C001D6018 /* FirebaseStorage */,
			);
			productName = UIKitSNS;
			productReference = 733CA2E12940EF4C00603992 /* UIKitSNS.app */;
			productType = "com.apple.product-type.application";
		};
/* End PBXNativeTarget section */

/* Begin PBXProject section */
		733CA2D92940EF4C00603992 /* Project object */ = {
			isa = PBXProject;
			attributes = {
				BuildIndependentTargetsInParallel = 1;
				LastSwiftUpdateCheck = 1320;
				LastUpgradeCheck = 1320;
				TargetAttributes = {
					733CA2E02940EF4C00603992 = {
						CreatedOnToolsVersion = 13.2.1;
					};
				};
			};
			buildConfigurationList = 733CA2DC2940EF4C00603992 /* Build configuration list for PBXProject "UIKitSNS" */;
			compatibilityVersion = "Xcode 13.0";
			developmentRegion = en;
			hasScannedForEncodings = 0;
			knownRegions = (
				en,
				Base,
			);
			mainGroup = 733CA2D82940EF4C00603992;
			packageReferences = (
				7320004929D7469C001D6018 /* XCRemoteSwiftPackageReference "firebase-ios-sdk" */,
			);
			productRefGroup = 733CA2E22940EF4C00603992 /* Products */;
			projectDirPath = "";
			projectRoot = "";
			targets = (
				733CA2E02940EF4C00603992 /* UIKitSNS */,
			);
		};
/* End PBXProject section */

/* Begin PBXResourcesBuildPhase section */
		733CA2DF2940EF4C00603992 /* Resources */ = {
			isa = PBXResourcesBuildPhase;
			buildActionMask = 2147483647;
			files = (
				733CA2F12940EF5200603992 /* LaunchScreen.storyboard in Resources */,
				73C1F13D29D727CE00C65C34 /* GoogleService-Info.plist in Resources */,
				733CA2EE2940EF5200603992 /* Assets.xcassets in Resources */,
				733CA2EC2940EF4C00603992 /* Main.storyboard in Resources */,
			);
			runOnlyForDeploymentPostprocessing = 0;
		};
/* End PBXResourcesBuildPhase section */

/* Begin PBXShellScriptBuildPhase section */
		0565B538F00B4E9E8109B2CB /* [CP] Check Pods Manifest.lock */ = {
			isa = PBXShellScriptBuildPhase;
			buildActionMask = 2147483647;
			files = (
			);
			inputFileListPaths = (
			);
			inputPaths = (
				"${PODS_PODFILE_DIR_PATH}/Podfile.lock",
				"${PODS_ROOT}/Manifest.lock",
			);
			name = "[CP] Check Pods Manifest.lock";
			outputFileListPaths = (
			);
			outputPaths = (
				"$(DERIVED_FILE_DIR)/Pods-UIKitSNS-checkManifestLockResult.txt",
			);
			runOnlyForDeploymentPostprocessing = 0;
			shellPath = /bin/sh;
			shellScript = "diff \"${PODS_PODFILE_DIR_PATH}/Podfile.lock\" \"${PODS_ROOT}/Manifest.lock\" > /dev/null\nif [ $? != 0 ] ; then\n    # print error to STDERR\n    echo \"error: The sandbox is not in sync with the Podfile.lock. Run 'pod install' or update your CocoaPods installation.\" >&2\n    exit 1\nfi\n# This output is used by Xcode 'outputs' to avoid re-running this script phase.\necho \"SUCCESS\" > \"${SCRIPT_OUTPUT_FILE_0}\"\n";
			showEnvVarsInLog = 0;
		};
/* End PBXShellScriptBuildPhase section */

/* Begin PBXSourcesBuildPhase section */
		733CA2DD2940EF4C00603992 /* Sources */ = {
			isa = PBXSourcesBuildPhase;
			buildActionMask = 2147483647;
			files = (
				73C1F13429D57A8A00C65C34 /* CustomTextField.swift in Sources */,
				733CA2E92940EF4C00603992 /* ViewController.swift in Sources */,
				73C1F13B29D58EE200C65C34 /* AuthenticationViewModel.swift in Sources */,
				73C1F13029D49F8000C65C34 /* LoginController.swift in Sources */,
				73A7D66729D351B70004F705 /* FeedCell.swift in Sources */,
				73D1D83529D88472009E653F /* ImageUploader.swift in Sources */,
				73D1D83729D8850F009E653F /* AuthService.swift in Sources */,
				733CA3052940F3C600603992 /* ImageSelectorController.swift in Sources */,
				73C1F13729D57DAD00C65C34 /* UIButton.swift in Sources */,
				733CA3072940F3E200603992 /* NotificationController.swift in Sources */,
				733CA3032940F3A100603992 /* SearchController.swift in Sources */,
				733CA2E52940EF4C00603992 /* AppDelegate.swift in Sources */,
				733CA3092940F3FD00603992 /* ProfileController.swift in Sources */,
				733CA3012940F39200603992 /* FeedController.swift in Sources */,
				733CA2FF2940F17B00603992 /* MainTabController.swift in Sources */,
				73A7D66929D3531C0004F705 /* UIView.swift in Sources */,
				733CA2E72940EF4C00603992 /* SceneDelegate.swift in Sources */,
				73C1F13929D581F100C65C34 /* UIViewController.swift in Sources */,
				73C1F13229D49F9700C65C34 /* RegistrationController.swift in Sources */,
			);
			runOnlyForDeploymentPostprocessing = 0;
		};
/* End PBXSourcesBuildPhase section */

/* Begin PBXVariantGroup section */
		733CA2EA2940EF4C00603992 /* Main.storyboard */ = {
			isa = PBXVariantGroup;
			children = (
				733CA2EB2940EF4C00603992 /* Base */,
			);
			name = Main.storyboard;
			sourceTree = "<group>";
		};
		733CA2EF2940EF5200603992 /* LaunchScreen.storyboard */ = {
			isa = PBXVariantGroup;
			children = (
				733CA2F02940EF5200603992 /* Base */,
			);
			name = LaunchScreen.storyboard;
			sourceTree = "<group>";
		};
/* End PBXVariantGroup section */

/* Begin XCBuildConfiguration section */
		733CA2F32940EF5200603992 /* Debug */ = {
			isa = XCBuildConfiguration;
			buildSettings = {
				ALWAYS_SEARCH_USER_PATHS = NO;
				CLANG_ANALYZER_NONNULL = YES;
				CLANG_ANALYZER_NUMBER_OBJECT_CONVERSION = YES_AGGRESSIVE;
				CLANG_CXX_LANGUAGE_STANDARD = "gnu++17";
				CLANG_CXX_LIBRARY = "libc++";
				CLANG_ENABLE_MODULES = YES;
				CLANG_ENABLE_OBJC_ARC = YES;
				CLANG_ENABLE_OBJC_WEAK = YES;
				CLANG_WARN_BLOCK_CAPTURE_AUTORELEASING = YES;
				CLANG_WARN_BOOL_CONVERSION = YES;
				CLANG_WARN_COMMA = YES;
				CLANG_WARN_CONSTANT_CONVERSION = YES;
				CLANG_WARN_DEPRECATED_OBJC_IMPLEMENTATIONS = YES;
				CLANG_WARN_DIRECT_OBJC_ISA_USAGE = YES_ERROR;
				CLANG_WARN_DOCUMENTATION_COMMENTS = YES;
				CLANG_WARN_EMPTY_BODY = YES;
				CLANG_WARN_ENUM_CONVERSION = YES;
				CLANG_WARN_INFINITE_RECURSION = YES;
				CLANG_WARN_INT_CONVERSION = YES;
				CLANG_WARN_NON_LITERAL_NULL_CONVERSION = YES;
				CLANG_WARN_OBJC_IMPLICIT_RETAIN_SELF = YES;
				CLANG_WARN_OBJC_LITERAL_CONVERSION = YES;
				CLANG_WARN_OBJC_ROOT_CLASS = YES_ERROR;
				CLANG_WARN_QUOTED_INCLUDE_IN_FRAMEWORK_HEADER = YES;
				CLANG_WARN_RANGE_LOOP_ANALYSIS = YES;
				CLANG_WARN_STRICT_PROTOTYPES = YES;
				CLANG_WARN_SUSPICIOUS_MOVE = YES;
				CLANG_WARN_UNGUARDED_AVAILABILITY = YES_AGGRESSIVE;
				CLANG_WARN_UNREACHABLE_CODE = YES;
				CLANG_WARN__DUPLICATE_METHOD_MATCH = YES;
				COPY_PHASE_STRIP = NO;
				DEBUG_INFORMATION_FORMAT = dwarf;
				ENABLE_STRICT_OBJC_MSGSEND = YES;
				ENABLE_TESTABILITY = YES;
				GCC_C_LANGUAGE_STANDARD = gnu11;
				GCC_DYNAMIC_NO_PIC = NO;
				GCC_NO_COMMON_BLOCKS = YES;
				GCC_OPTIMIZATION_LEVEL = 0;
				GCC_PREPROCESSOR_DEFINITIONS = (
					"DEBUG=1",
					"$(inherited)",
				);
				GCC_WARN_64_TO_32_BIT_CONVERSION = YES;
				GCC_WARN_ABOUT_RETURN_TYPE = YES_ERROR;
				GCC_WARN_UNDECLARED_SELECTOR = YES;
				GCC_WARN_UNINITIALIZED_AUTOS = YES_AGGRESSIVE;
				GCC_WARN_UNUSED_FUNCTION = YES;
				GCC_WARN_UNUSED_VARIABLE = YES;
				IPHONEOS_DEPLOYMENT_TARGET = 15.0;
				MTL_ENABLE_DEBUG_INFO = INCLUDE_SOURCE;
				MTL_FAST_MATH = YES;
				ONLY_ACTIVE_ARCH = YES;
				SDKROOT = iphoneos;
				SWIFT_ACTIVE_COMPILATION_CONDITIONS = DEBUG;
				SWIFT_OPTIMIZATION_LEVEL = "-Onone";
			};
			name = Debug;
		};
		733CA2F42940EF5200603992 /* Release */ = {
			isa = XCBuildConfiguration;
			buildSettings = {
				ALWAYS_SEARCH_USER_PATHS = NO;
				CLANG_ANALYZER_NONNULL = YES;
				CLANG_ANALYZER_NUMBER_OBJECT_CONVERSION = YES_AGGRESSIVE;
				CLANG_CXX_LANGUAGE_STANDARD = "gnu++17";
				CLANG_CXX_LIBRARY = "libc++";
				CLANG_ENABLE_MODULES = YES;
				CLANG_ENABLE_OBJC_ARC = YES;
				CLANG_ENABLE_OBJC_WEAK = YES;
				CLANG_WARN_BLOCK_CAPTURE_AUTORELEASING = YES;
				CLANG_WARN_BOOL_CONVERSION = YES;
				CLANG_WARN_COMMA = YES;
				CLANG_WARN_CONSTANT_CONVERSION = YES;
				CLANG_WARN_DEPRECATED_OBJC_IMPLEMENTATIONS = YES;
				CLANG_WARN_DIRECT_OBJC_ISA_USAGE = YES_ERROR;
				CLANG_WARN_DOCUMENTATION_COMMENTS = YES;
				CLANG_WARN_EMPTY_BODY = YES;
				CLANG_WARN_ENUM_CONVERSION = YES;
				CLANG_WARN_INFINITE_RECURSION = YES;
				CLANG_WARN_INT_CONVERSION = YES;
				CLANG_WARN_NON_LITERAL_NULL_CONVERSION = YES;
				CLANG_WARN_OBJC_IMPLICIT_RETAIN_SELF = YES;
				CLANG_WARN_OBJC_LITERAL_CONVERSION = YES;
				CLANG_WARN_OBJC_ROOT_CLASS = YES_ERROR;
				CLANG_WARN_QUOTED_INCLUDE_IN_FRAMEWORK_HEADER = YES;
				CLANG_WARN_RANGE_LOOP_ANALYSIS = YES;
				CLANG_WARN_STRICT_PROTOTYPES = YES;
				CLANG_WARN_SUSPICIOUS_MOVE = YES;
				CLANG_WARN_UNGUARDED_AVAILABILITY = YES_AGGRESSIVE;
				CLANG_WARN_UNREACHABLE_CODE = YES;
				CLANG_WARN__DUPLICATE_METHOD_MATCH = YES;
				COPY_PHASE_STRIP = NO;
				DEBUG_INFORMATION_FORMAT = "dwarf-with-dsym";
				ENABLE_NS_ASSERTIONS = NO;
				ENABLE_STRICT_OBJC_MSGSEND = YES;
				GCC_C_LANGUAGE_STANDARD = gnu11;
				GCC_NO_COMMON_BLOCKS = YES;
				GCC_WARN_64_TO_32_BIT_CONVERSION = YES;
				GCC_WARN_ABOUT_RETURN_TYPE = YES_ERROR;
				GCC_WARN_UNDECLARED_SELECTOR = YES;
				GCC_WARN_UNINITIALIZED_AUTOS = YES_AGGRESSIVE;
				GCC_WARN_UNUSED_FUNCTION = YES;
				GCC_WARN_UNUSED_VARIABLE = YES;
				IPHONEOS_DEPLOYMENT_TARGET = 15.0;
				MTL_ENABLE_DEBUG_INFO = NO;
				MTL_FAST_MATH = YES;
				SDKROOT = iphoneos;
				SWIFT_COMPILATION_MODE = wholemodule;
				SWIFT_OPTIMIZATION_LEVEL = "-O";
				VALIDATE_PRODUCT = YES;
			};
			name = Release;
		};
		733CA2F62940EF5200603992 /* Debug */ = {
			isa = XCBuildConfiguration;
			baseConfigurationReference = C7B2D78C58B333F015CFACB3 /* Pods-UIKitSNS.debug.xcconfig */;
			buildSettings = {
				ASSETCATALOG_COMPILER_APPICON_NAME = AppIcon;
				ASSETCATALOG_COMPILER_GLOBAL_ACCENT_COLOR_NAME = AccentColor;
				CODE_SIGN_STYLE = Automatic;
				CURRENT_PROJECT_VERSION = 1;
				DEVELOPMENT_TEAM = 7L7CZY9WNN;
				GENERATE_INFOPLIST_FILE = YES;
				INFOPLIST_FILE = UIKitSNS/Info.plist;
				INFOPLIST_KEY_UIApplicationSupportsIndirectInputEvents = YES;
				INFOPLIST_KEY_UILaunchStoryboardName = LaunchScreen;
				INFOPLIST_KEY_UIMainStoryboardFile = Main;
				INFOPLIST_KEY_UIStatusBarStyle = UIStatusBarStyleDefault;
				INFOPLIST_KEY_UISupportedInterfaceOrientations = "UIInterfaceOrientationLandscapeLeft UIInterfaceOrientationLandscapeRight UIInterfaceOrientationPortrait";
				INFOPLIST_KEY_UISupportedInterfaceOrientations_iPad = "UIInterfaceOrientationLandscapeLeft UIInterfaceOrientationLandscapeRight UIInterfaceOrientationPortrait UIInterfaceOrientationPortraitUpsideDown";
				IPHONEOS_DEPLOYMENT_TARGET = 15.0;
				LD_RUNPATH_SEARCH_PATHS = (
					"$(inherited)",
					"@executable_path/Frameworks",
				);
				MARKETING_VERSION = 1.0;
				PRODUCT_BUNDLE_IDENTIFIER = com.woomin.UIKitSNS;
				PRODUCT_NAME = "$(TARGET_NAME)";
				SUPPORTED_PLATFORMS = "iphoneos iphonesimulator";
				SUPPORTS_MACCATALYST = NO;
				SUPPORTS_MAC_DESIGNED_FOR_IPHONE_IPAD = NO;
				SWIFT_EMIT_LOC_STRINGS = YES;
				SWIFT_VERSION = 5.0;
				TARGETED_DEVICE_FAMILY = 1;
			};
			name = Debug;
		};
		733CA2F72940EF5200603992 /* Release */ = {
			isa = XCBuildConfiguration;
			baseConfigurationReference = B80D5BB12E94812FE9815C59 /* Pods-UIKitSNS.release.xcconfig */;
			buildSettings = {
				ASSETCATALOG_COMPILER_APPICON_NAME = AppIcon;
				ASSETCATALOG_COMPILER_GLOBAL_ACCENT_COLOR_NAME = AccentColor;
				CODE_SIGN_STYLE = Automatic;
				CURRENT_PROJECT_VERSION = 1;
				DEVELOPMENT_TEAM = 7L7CZY9WNN;
				GENERATE_INFOPLIST_FILE = YES;
				INFOPLIST_FILE = UIKitSNS/Info.plist;
				INFOPLIST_KEY_UIApplicationSupportsIndirectInputEvents = YES;
				INFOPLIST_KEY_UILaunchStoryboardName = LaunchScreen;
				INFOPLIST_KEY_UIMainStoryboardFile = Main;
				INFOPLIST_KEY_UIStatusBarStyle = UIStatusBarStyleDefault;
				INFOPLIST_KEY_UISupportedInterfaceOrientations = "UIInterfaceOrientationLandscapeLeft UIInterfaceOrientationLandscapeRight UIInterfaceOrientationPortrait";
				INFOPLIST_KEY_UISupportedInterfaceOrientations_iPad = "UIInterfaceOrientationLandscapeLeft UIInterfaceOrientationLandscapeRight UIInterfaceOrientationPortrait UIInterfaceOrientationPortraitUpsideDown";
				IPHONEOS_DEPLOYMENT_TARGET = 15.0;
				LD_RUNPATH_SEARCH_PATHS = (
					"$(inherited)",
					"@executable_path/Frameworks",
				);
				MARKETING_VERSION = 1.0;
				PRODUCT_BUNDLE_IDENTIFIER = com.woomin.UIKitSNS;
				PRODUCT_NAME = "$(TARGET_NAME)";
				SUPPORTED_PLATFORMS = "iphoneos iphonesimulator";
				SUPPORTS_MACCATALYST = NO;
				SUPPORTS_MAC_DESIGNED_FOR_IPHONE_IPAD = NO;
				SWIFT_EMIT_LOC_STRINGS = YES;
				SWIFT_VERSION = 5.0;
				TARGETED_DEVICE_FAMILY = 1;
			};
			name = Release;
		};
/* End XCBuildConfiguration section */

/* Begin XCConfigurationList section */
		733CA2DC2940EF4C00603992 /* Build configuration list for PBXProject "UIKitSNS" */ = {
			isa = XCConfigurationList;
			buildConfigurations = (
				733CA2F32940EF5200603992 /* Debug */,
				733CA2F42940EF5200603992 /* Release */,
			);
			defaultConfigurationIsVisible = 0;
			defaultConfigurationName = Release;
		};
		733CA2F52940EF5200603992 /* Build configuration list for PBXNativeTarget "UIKitSNS" */ = {
			isa = XCConfigurationList;
			buildConfigurations = (
				733CA2F62940EF5200603992 /* Debug */,
				733CA2F72940EF5200603992 /* Release */,
			);
			defaultConfigurationIsVisible = 0;
			defaultConfigurationName = Release;
		};
/* End XCConfigurationList section */

/* Begin XCRemoteSwiftPackageReference section */
		7320004929D7469C001D6018 /* XCRemoteSwiftPackageReference "firebase-ios-sdk" */ = {
			isa = XCRemoteSwiftPackageReference;
			repositoryURL = "https://github.com/firebase/firebase-ios-sdk";
			requirement = {
				kind = upToNextMajorVersion;
				minimumVersion = 10.0.0;
			};
		};
/* End XCRemoteSwiftPackageReference section */

/* Begin XCSwiftPackageProductDependency section */
		7320004A29D7469C001D6018 /* FirebaseAuth */ = {
			isa = XCSwiftPackageProductDependency;
			package = 7320004929D7469C001D6018 /* XCRemoteSwiftPackageReference "firebase-ios-sdk" */;
			productName = FirebaseAuth;
		};
		7320004C29D7469C001D6018 /* FirebaseDatabase */ = {
			isa = XCSwiftPackageProductDependency;
			package = 7320004929D7469C001D6018 /* XCRemoteSwiftPackageReference "firebase-ios-sdk" */;
			productName = FirebaseDatabase;
		};
		7320004E29D7469C001D6018 /* FirebaseFirestore */ = {
			isa = XCSwiftPackageProductDependency;
			package = 7320004929D7469C001D6018 /* XCRemoteSwiftPackageReference "firebase-ios-sdk" */;
			productName = FirebaseFirestore;
		};
		7320005029D7469C001D6018 /* FirebaseMessaging */ = {
			isa = XCSwiftPackageProductDependency;
			package = 7320004929D7469C001D6018 /* XCRemoteSwiftPackageReference "firebase-ios-sdk" */;
			productName = FirebaseMessaging;
		};
		7320005229D7469C001D6018 /* FirebaseStorage */ = {
			isa = XCSwiftPackageProductDependency;
			package = 7320004929D7469C001D6018 /* XCRemoteSwiftPackageReference "firebase-ios-sdk" */;
			productName = FirebaseStorage;
		};
/* End XCSwiftPackageProductDependency section */
	};
	rootObject = 733CA2D92940EF4C00603992 /* Project object */;
}
